
Microsoft Visual Studio Solution File, Format Version 9.00
# Visual C# Express 2005
Project("{FAE04EC0-301F-11D3-BF4B-00C04F79EFBC}") = "ETTrans", "ETTrans\ETTrans.csproj", "{DBD1706B-D0DA-4197-9F40-A538484CEF85}"
EndProject
Global
	GlobalSection(SolutionConfigurationPlatforms) = preSolution
		Debug|Any CPU = Debug|Any CPU
		Release|Any CPU = Release|Any CPU
	EndGlobalSection
	GlobalSection(ProjectConfigurationPlatforms) = postSolution
		{DBD1706B-D0DA-4197-9F40-A538484CEF85}.Debug|Any CPU.ActiveCfg = Debug|Any CPU
		{DBD1706B-D0DA-4197-9F40-A538484CEF85}.Debug|Any CPU.Build.0 = Debug|Any CPU
		{DBD1706B-D0DA-4197-9F40-A538484CEF85}.Release|Any CPU.ActiveCfg = Release|Any CPU
		{DBD1706B-D0DA-4197-9F40-A538484CEF85}.Release|Any CPU.Build.0 = Release|Any CPU
	EndGlobalSection
	GlobalSection(SolutionProperties) = preSolution
		HideSolutionNode = FALSE
	EndGlobalSection
EndGlobal
